
Microsoft Visual Studio Solution File, Format Version 12.00
# Visual Studio 15
Project("{FAE04EC0-301F-11D3-BF4B-00C04F79EFBC}") = "branches-tutorial", "branches-tutorial\branches-tutorial.csproj", "{407B86A8-A802-4FE9-9ED8-29C1599079BE}"
EndProject
Global
	GlobalSection(SolutionConfigurationPlatforms) = preSolution
		Debug|Any CPU = Debug|Any CPU
		Release|Any CPU = Release|Any CPU
	EndGlobalSection
	GlobalSection(ProjectConfigurationPlatforms) = postSolution
		{407B86A8-A802-4FE9-9ED8-29C1599079BE}.Debug|Any CPU.ActiveCfg = Debug|Any CPU
		{407B86A8-A802-4FE9-9ED8-29C1599079BE}.Debug|Any CPU.Build.0 = Debug|Any CPU
		{407B86A8-A802-4FE9-9ED8-29C1599079BE}.Release|Any CPU.ActiveCfg = Release|Any CPU
		{407B86A8-A802-4FE9-9ED8-29C1599079BE}.Release|Any CPU.Build.0 = Release|Any CPU
	EndGlobalSection
EndGlobal
