
Microsoft Visual Studio Solution File, Format Version 12.00
# Visual Studio 15
Project("{FAE04EC0-301F-11D3-BF4B-00C04F79EFBC}") = "Phone_number_search", "Phone_number_search\Phone_number_search.csproj", "{DC775980-741A-458B-AC06-922D6EB69122}"
EndProject
Global
	GlobalSection(SolutionConfigurationPlatforms) = preSolution
		Debug|Any CPU = Debug|Any CPU
		Release|Any CPU = Release|Any CPU
	EndGlobalSection
	GlobalSection(ProjectConfigurationPlatforms) = postSolution
		{DC775980-741A-458B-AC06-922D6EB69122}.Debug|Any CPU.ActiveCfg = Debug|Any CPU
		{DC775980-741A-458B-AC06-922D6EB69122}.Debug|Any CPU.Build.0 = Debug|Any CPU
		{DC775980-741A-458B-AC06-922D6EB69122}.Release|Any CPU.ActiveCfg = Release|Any CPU
		{DC775980-741A-458B-AC06-922D6EB69122}.Release|Any CPU.Build.0 = Release|Any CPU
	EndGlobalSection
EndGlobal
