
Microsoft Visual Studio Solution File, Format Version 12.00
# Visual Studio 15
Project("{FAE04EC0-301F-11D3-BF4B-00C04F79EFBC}") = "W2D4_M2_tank_battle", "W2D4_M2_tank_battle\W2D4_M2_tank_battle.csproj", "{4B4D3DED-0486-4233-BC35-06AD2650326B}"
EndProject
Global
	GlobalSection(SolutionConfigurationPlatforms) = preSolution
		Debug|Any CPU = Debug|Any CPU
		Release|Any CPU = Release|Any CPU
	EndGlobalSection
	GlobalSection(ProjectConfigurationPlatforms) = postSolution
		{4B4D3DED-0486-4233-BC35-06AD2650326B}.Debug|Any CPU.ActiveCfg = Debug|Any CPU
		{4B4D3DED-0486-4233-BC35-06AD2650326B}.Debug|Any CPU.Build.0 = Debug|Any CPU
		{4B4D3DED-0486-4233-BC35-06AD2650326B}.Release|Any CPU.ActiveCfg = Release|Any CPU
		{4B4D3DED-0486-4233-BC35-06AD2650326B}.Release|Any CPU.Build.0 = Release|Any CPU
	EndGlobalSection
EndGlobal
