
Microsoft Visual Studio Solution File, Format Version 12.00
# Visual Studio 15
Project("{FAE04EC0-301F-11D3-BF4B-00C04F79EFBC}") = "Sort_an_array", "Sort_an_array\Sort_an_array.csproj", "{36210191-529A-45AA-90E2-B58A1B0CAD79}"
EndProject
Global
	GlobalSection(SolutionConfigurationPlatforms) = preSolution
		Debug|Any CPU = Debug|Any CPU
		Release|Any CPU = Release|Any CPU
	EndGlobalSection
	GlobalSection(ProjectConfigurationPlatforms) = postSolution
		{36210191-529A-45AA-90E2-B58A1B0CAD79}.Debug|Any CPU.ActiveCfg = Debug|Any CPU
		{36210191-529A-45AA-90E2-B58A1B0CAD79}.Debug|Any CPU.Build.0 = Debug|Any CPU
		{36210191-529A-45AA-90E2-B58A1B0CAD79}.Release|Any CPU.ActiveCfg = Release|Any CPU
		{36210191-529A-45AA-90E2-B58A1B0CAD79}.Release|Any CPU.Build.0 = Release|Any CPU
	EndGlobalSection
EndGlobal
