
Microsoft Visual Studio Solution File, Format Version 12.00
# Visual Studio 15
Project("{FAE04EC0-301F-11D3-BF4B-00C04F79EFBC}") = "W2D4_mission_2_battle", "W2D4_mission_2_battle\W2D4_mission_2_battle.csproj", "{F2C1E3E5-0427-421F-9AF0-B6C1C70B3AC1}"
EndProject
Global
	GlobalSection(SolutionConfigurationPlatforms) = preSolution
		Debug|Any CPU = Debug|Any CPU
		Release|Any CPU = Release|Any CPU
	EndGlobalSection
	GlobalSection(ProjectConfigurationPlatforms) = postSolution
		{F2C1E3E5-0427-421F-9AF0-B6C1C70B3AC1}.Debug|Any CPU.ActiveCfg = Debug|Any CPU
		{F2C1E3E5-0427-421F-9AF0-B6C1C70B3AC1}.Debug|Any CPU.Build.0 = Debug|Any CPU
		{F2C1E3E5-0427-421F-9AF0-B6C1C70B3AC1}.Release|Any CPU.ActiveCfg = Release|Any CPU
		{F2C1E3E5-0427-421F-9AF0-B6C1C70B3AC1}.Release|Any CPU.Build.0 = Release|Any CPU
	EndGlobalSection
EndGlobal
