
Microsoft Visual Studio Solution File, Format Version 12.00
# Visual Studio 15
Project("{FAE04EC0-301F-11D3-BF4B-00C04F79EFBC}") = "Slow_flyers", "Slow_flyers\Slow_flyers.csproj", "{E304E416-DAE4-4FDB-88C1-69E28A6EFAC4}"
EndProject
Global
	GlobalSection(SolutionConfigurationPlatforms) = preSolution
		Debug|Any CPU = Debug|Any CPU
		Release|Any CPU = Release|Any CPU
	EndGlobalSection
	GlobalSection(ProjectConfigurationPlatforms) = postSolution
		{E304E416-DAE4-4FDB-88C1-69E28A6EFAC4}.Debug|Any CPU.ActiveCfg = Debug|Any CPU
		{E304E416-DAE4-4FDB-88C1-69E28A6EFAC4}.Debug|Any CPU.Build.0 = Debug|Any CPU
		{E304E416-DAE4-4FDB-88C1-69E28A6EFAC4}.Release|Any CPU.ActiveCfg = Release|Any CPU
		{E304E416-DAE4-4FDB-88C1-69E28A6EFAC4}.Release|Any CPU.Build.0 = Release|Any CPU
	EndGlobalSection
EndGlobal
