
Microsoft Visual Studio Solution File, Format Version 12.00
# Visual Studio 15
Project("{FAE04EC0-301F-11D3-BF4B-00C04F79EFBC}") = "W2D4_M2_battle_with_the_basilisk", "W2D4_M2_battle_with_the_basilisk\W2D4_M2_battle_with_the_basilisk.csproj", "{3ABB0489-F9E6-4F8B-BCCA-F61ADDCE6097}"
EndProject
Global
	GlobalSection(SolutionConfigurationPlatforms) = preSolution
		Debug|Any CPU = Debug|Any CPU
		Release|Any CPU = Release|Any CPU
	EndGlobalSection
	GlobalSection(ProjectConfigurationPlatforms) = postSolution
		{3ABB0489-F9E6-4F8B-BCCA-F61ADDCE6097}.Debug|Any CPU.ActiveCfg = Debug|Any CPU
		{3ABB0489-F9E6-4F8B-BCCA-F61ADDCE6097}.Debug|Any CPU.Build.0 = Debug|Any CPU
		{3ABB0489-F9E6-4F8B-BCCA-F61ADDCE6097}.Release|Any CPU.ActiveCfg = Release|Any CPU
		{3ABB0489-F9E6-4F8B-BCCA-F61ADDCE6097}.Release|Any CPU.Build.0 = Release|Any CPU
	EndGlobalSection
EndGlobal
