
Microsoft Visual Studio Solution File, Format Version 12.00
# Visual Studio 15
Project("{FAE04EC0-301F-11D3-BF4B-00C04F79EFBC}") = "W3D1_bowling_pins", "W3D1_bowling_pins\W3D1_bowling_pins.csproj", "{F73912E1-B15B-444F-B550-788BACF901F6}"
EndProject
Global
	GlobalSection(SolutionConfigurationPlatforms) = preSolution
		Debug|Any CPU = Debug|Any CPU
		Release|Any CPU = Release|Any CPU
	EndGlobalSection
	GlobalSection(ProjectConfigurationPlatforms) = postSolution
		{F73912E1-B15B-444F-B550-788BACF901F6}.Debug|Any CPU.ActiveCfg = Debug|Any CPU
		{F73912E1-B15B-444F-B550-788BACF901F6}.Debug|Any CPU.Build.0 = Debug|Any CPU
		{F73912E1-B15B-444F-B550-788BACF901F6}.Release|Any CPU.ActiveCfg = Release|Any CPU
		{F73912E1-B15B-444F-B550-788BACF901F6}.Release|Any CPU.Build.0 = Release|Any CPU
	EndGlobalSection
EndGlobal
