
Microsoft Visual Studio Solution File, Format Version 12.00
# Visual Studio 15
Project("{FAE04EC0-301F-11D3-BF4B-00C04F79EFBC}") = "Merge_sort", "Merge_sort\Merge_sort.csproj", "{2ECA43DA-A9A6-48DE-BBF2-937E61194E81}"
EndProject
Global
	GlobalSection(SolutionConfigurationPlatforms) = preSolution
		Debug|Any CPU = Debug|Any CPU
		Release|Any CPU = Release|Any CPU
	EndGlobalSection
	GlobalSection(ProjectConfigurationPlatforms) = postSolution
		{2ECA43DA-A9A6-48DE-BBF2-937E61194E81}.Debug|Any CPU.ActiveCfg = Debug|Any CPU
		{2ECA43DA-A9A6-48DE-BBF2-937E61194E81}.Debug|Any CPU.Build.0 = Debug|Any CPU
		{2ECA43DA-A9A6-48DE-BBF2-937E61194E81}.Release|Any CPU.ActiveCfg = Release|Any CPU
		{2ECA43DA-A9A6-48DE-BBF2-937E61194E81}.Release|Any CPU.Build.0 = Release|Any CPU
	EndGlobalSection
EndGlobal
