
Microsoft Visual Studio Solution File, Format Version 12.00
# Visual Studio 15
Project("{FAE04EC0-301F-11D3-BF4B-00C04F79EFBC}") = "Mission_1_Regenerate_spell_while", "Mission_1_Regenerate_spell_while\Mission_1_Regenerate_spell_while.csproj", "{2D7157EC-1E55-4B19-B1DA-D10E76D382B1}"
EndProject
Global
	GlobalSection(SolutionConfigurationPlatforms) = preSolution
		Debug|Any CPU = Debug|Any CPU
		Release|Any CPU = Release|Any CPU
	EndGlobalSection
	GlobalSection(ProjectConfigurationPlatforms) = postSolution
		{2D7157EC-1E55-4B19-B1DA-D10E76D382B1}.Debug|Any CPU.ActiveCfg = Debug|Any CPU
		{2D7157EC-1E55-4B19-B1DA-D10E76D382B1}.Debug|Any CPU.Build.0 = Debug|Any CPU
		{2D7157EC-1E55-4B19-B1DA-D10E76D382B1}.Release|Any CPU.ActiveCfg = Release|Any CPU
		{2D7157EC-1E55-4B19-B1DA-D10E76D382B1}.Release|Any CPU.Build.0 = Release|Any CPU
	EndGlobalSection
EndGlobal
