
Microsoft Visual Studio Solution File, Format Version 12.00
# Visual Studio 15
Project("{FAE04EC0-301F-11D3-BF4B-00C04F79EFBC}") = "Monster_names", "Monster_names\Monster_names.csproj", "{202A7F44-03C1-494D-88AD-8F793F06A99C}"
EndProject
Global
	GlobalSection(SolutionConfigurationPlatforms) = preSolution
		Debug|Any CPU = Debug|Any CPU
		Release|Any CPU = Release|Any CPU
	EndGlobalSection
	GlobalSection(ProjectConfigurationPlatforms) = postSolution
		{202A7F44-03C1-494D-88AD-8F793F06A99C}.Debug|Any CPU.ActiveCfg = Debug|Any CPU
		{202A7F44-03C1-494D-88AD-8F793F06A99C}.Debug|Any CPU.Build.0 = Debug|Any CPU
		{202A7F44-03C1-494D-88AD-8F793F06A99C}.Release|Any CPU.ActiveCfg = Release|Any CPU
		{202A7F44-03C1-494D-88AD-8F793F06A99C}.Release|Any CPU.Build.0 = Release|Any CPU
	EndGlobalSection
EndGlobal
