
Microsoft Visual Studio Solution File, Format Version 12.00
# Visual Studio 15
Project("{FAE04EC0-301F-11D3-BF4B-00C04F79EFBC}") = "Standard_dice_notation_detection_the_regex_way", "Standard_dice_notation_detection_the_regex_way\Standard_dice_notation_detection_the_regex_way.csproj", "{BD4B93E9-55F0-4F48-9BD2-EDC93FDDC786}"
EndProject
Global
	GlobalSection(SolutionConfigurationPlatforms) = preSolution
		Debug|Any CPU = Debug|Any CPU
		Release|Any CPU = Release|Any CPU
	EndGlobalSection
	GlobalSection(ProjectConfigurationPlatforms) = postSolution
		{BD4B93E9-55F0-4F48-9BD2-EDC93FDDC786}.Debug|Any CPU.ActiveCfg = Debug|Any CPU
		{BD4B93E9-55F0-4F48-9BD2-EDC93FDDC786}.Debug|Any CPU.Build.0 = Debug|Any CPU
		{BD4B93E9-55F0-4F48-9BD2-EDC93FDDC786}.Release|Any CPU.ActiveCfg = Release|Any CPU
		{BD4B93E9-55F0-4F48-9BD2-EDC93FDDC786}.Release|Any CPU.Build.0 = Release|Any CPU
	EndGlobalSection
EndGlobal
