
Microsoft Visual Studio Solution File, Format Version 12.00
# Visual Studio 15
Project("{FAE04EC0-301F-11D3-BF4B-00C04F79EFBC}") = "W2D3_branches_tutorial", "W2D3_branches_tutorial\W2D3_branches_tutorial.csproj", "{14F38C2B-022E-41AA-8EEF-17CDFE6165B3}"
EndProject
Global
	GlobalSection(SolutionConfigurationPlatforms) = preSolution
		Debug|Any CPU = Debug|Any CPU
		Release|Any CPU = Release|Any CPU
	EndGlobalSection
	GlobalSection(ProjectConfigurationPlatforms) = postSolution
		{14F38C2B-022E-41AA-8EEF-17CDFE6165B3}.Debug|Any CPU.ActiveCfg = Debug|Any CPU
		{14F38C2B-022E-41AA-8EEF-17CDFE6165B3}.Debug|Any CPU.Build.0 = Debug|Any CPU
		{14F38C2B-022E-41AA-8EEF-17CDFE6165B3}.Release|Any CPU.ActiveCfg = Release|Any CPU
		{14F38C2B-022E-41AA-8EEF-17CDFE6165B3}.Release|Any CPU.Build.0 = Release|Any CPU
	EndGlobalSection
EndGlobal
