
Microsoft Visual Studio Solution File, Format Version 12.00
# Visual Studio 15
Project("{FAE04EC0-301F-11D3-BF4B-00C04F79EFBC}") = "W2D4_mission_2_battle", "W2D4_mission_2_battle.csproj", "{D4F4FBDA-E3EA-4E17-BCD6-9FE22C049AF5}"
EndProject
Global
	GlobalSection(SolutionConfigurationPlatforms) = preSolution
		Debug|Any CPU = Debug|Any CPU
		Release|Any CPU = Release|Any CPU
	EndGlobalSection
	GlobalSection(ProjectConfigurationPlatforms) = postSolution
		{D4F4FBDA-E3EA-4E17-BCD6-9FE22C049AF5}.Debug|Any CPU.ActiveCfg = Debug|Any CPU
		{D4F4FBDA-E3EA-4E17-BCD6-9FE22C049AF5}.Debug|Any CPU.Build.0 = Debug|Any CPU
		{D4F4FBDA-E3EA-4E17-BCD6-9FE22C049AF5}.Release|Any CPU.ActiveCfg = Release|Any CPU
		{D4F4FBDA-E3EA-4E17-BCD6-9FE22C049AF5}.Release|Any CPU.Build.0 = Release|Any CPU
	EndGlobalSection
EndGlobal
