
Microsoft Visual Studio Solution File, Format Version 12.00
# Visual Studio 15
Project("{FAE04EC0-301F-11D3-BF4B-00C04F79EFBC}") = "Maze_game", "Maze_game\Maze_game.csproj", "{81DB395A-2EC7-4755-B303-CB9C8A8C33CE}"
EndProject
Global
	GlobalSection(SolutionConfigurationPlatforms) = preSolution
		Debug|Any CPU = Debug|Any CPU
		Release|Any CPU = Release|Any CPU
	EndGlobalSection
	GlobalSection(ProjectConfigurationPlatforms) = postSolution
		{81DB395A-2EC7-4755-B303-CB9C8A8C33CE}.Debug|Any CPU.ActiveCfg = Debug|Any CPU
		{81DB395A-2EC7-4755-B303-CB9C8A8C33CE}.Debug|Any CPU.Build.0 = Debug|Any CPU
		{81DB395A-2EC7-4755-B303-CB9C8A8C33CE}.Release|Any CPU.ActiveCfg = Release|Any CPU
		{81DB395A-2EC7-4755-B303-CB9C8A8C33CE}.Release|Any CPU.Build.0 = Release|Any CPU
	EndGlobalSection
EndGlobal
