
Microsoft Visual Studio Solution File, Format Version 12.00
# Visual Studio 15
Project("{FAE04EC0-301F-11D3-BF4B-00C04F79EFBC}") = "Standard_dice_notation", "Standard_dice_notation\Standard_dice_notation.csproj", "{3276A3FF-A729-484A-BC19-565B7DCDDA85}"
EndProject
Global
	GlobalSection(SolutionConfigurationPlatforms) = preSolution
		Debug|Any CPU = Debug|Any CPU
		Release|Any CPU = Release|Any CPU
	EndGlobalSection
	GlobalSection(ProjectConfigurationPlatforms) = postSolution
		{3276A3FF-A729-484A-BC19-565B7DCDDA85}.Debug|Any CPU.ActiveCfg = Debug|Any CPU
		{3276A3FF-A729-484A-BC19-565B7DCDDA85}.Debug|Any CPU.Build.0 = Debug|Any CPU
		{3276A3FF-A729-484A-BC19-565B7DCDDA85}.Release|Any CPU.ActiveCfg = Release|Any CPU
		{3276A3FF-A729-484A-BC19-565B7DCDDA85}.Release|Any CPU.Build.0 = Release|Any CPU
	EndGlobalSection
EndGlobal
