
Microsoft Visual Studio Solution File, Format Version 12.00
# Visual Studio 15
Project("{FAE04EC0-301F-11D3-BF4B-00C04F79EFBC}") = "W2D4_mission_1_characters", "W2D4_mission_1_characters\W2D4_mission_1_characters.csproj", "{31EA2F09-16E9-425A-B9FF-CBEF0CE3BE3C}"
EndProject
Global
	GlobalSection(SolutionConfigurationPlatforms) = preSolution
		Debug|Any CPU = Debug|Any CPU
		Release|Any CPU = Release|Any CPU
	EndGlobalSection
	GlobalSection(ProjectConfigurationPlatforms) = postSolution
		{31EA2F09-16E9-425A-B9FF-CBEF0CE3BE3C}.Debug|Any CPU.ActiveCfg = Debug|Any CPU
		{31EA2F09-16E9-425A-B9FF-CBEF0CE3BE3C}.Debug|Any CPU.Build.0 = Debug|Any CPU
		{31EA2F09-16E9-425A-B9FF-CBEF0CE3BE3C}.Release|Any CPU.ActiveCfg = Release|Any CPU
		{31EA2F09-16E9-425A-B9FF-CBEF0CE3BE3C}.Release|Any CPU.Build.0 = Release|Any CPU
	EndGlobalSection
EndGlobal
