
Microsoft Visual Studio Solution File, Format Version 12.00
# Visual Studio 15
Project("{FAE04EC0-301F-11D3-BF4B-00C04F79EFBC}") = "W3D1_M2_a_better_join", "W3D1_M2_a_better_join\W3D1_M2_a_better_join.csproj", "{64BA8A19-D49B-421B-8BFD-40DD00E4BBD4}"
EndProject
Global
	GlobalSection(SolutionConfigurationPlatforms) = preSolution
		Debug|Any CPU = Debug|Any CPU
		Release|Any CPU = Release|Any CPU
	EndGlobalSection
	GlobalSection(ProjectConfigurationPlatforms) = postSolution
		{64BA8A19-D49B-421B-8BFD-40DD00E4BBD4}.Debug|Any CPU.ActiveCfg = Debug|Any CPU
		{64BA8A19-D49B-421B-8BFD-40DD00E4BBD4}.Debug|Any CPU.Build.0 = Debug|Any CPU
		{64BA8A19-D49B-421B-8BFD-40DD00E4BBD4}.Release|Any CPU.ActiveCfg = Release|Any CPU
		{64BA8A19-D49B-421B-8BFD-40DD00E4BBD4}.Release|Any CPU.Build.0 = Release|Any CPU
	EndGlobalSection
EndGlobal
