
Microsoft Visual Studio Solution File, Format Version 12.00
# Visual Studio 15
Project("{FAE04EC0-301F-11D3-BF4B-00C04F79EFBC}") = "Bowling_simulation", "Bowling_simulation\Bowling_simulation.csproj", "{C6B8511D-07D2-488B-9DFB-572F2B588B22}"
EndProject
Global
	GlobalSection(SolutionConfigurationPlatforms) = preSolution
		Debug|Any CPU = Debug|Any CPU
		Release|Any CPU = Release|Any CPU
	EndGlobalSection
	GlobalSection(ProjectConfigurationPlatforms) = postSolution
		{C6B8511D-07D2-488B-9DFB-572F2B588B22}.Debug|Any CPU.ActiveCfg = Debug|Any CPU
		{C6B8511D-07D2-488B-9DFB-572F2B588B22}.Debug|Any CPU.Build.0 = Debug|Any CPU
		{C6B8511D-07D2-488B-9DFB-572F2B588B22}.Release|Any CPU.ActiveCfg = Release|Any CPU
		{C6B8511D-07D2-488B-9DFB-572F2B588B22}.Release|Any CPU.Build.0 = Release|Any CPU
	EndGlobalSection
EndGlobal
