
Microsoft Visual Studio Solution File, Format Version 12.00
# Visual Studio 15
Project("{FAE04EC0-301F-11D3-BF4B-00C04F79EFBC}") = "W3D2_BOSS_adventure_map", "W3D2_BOSS_adventure_map\W3D2_BOSS_adventure_map.csproj", "{8FEC8877-8CEA-43C2-BF15-BC0E27BED769}"
EndProject
Global
	GlobalSection(SolutionConfigurationPlatforms) = preSolution
		Debug|Any CPU = Debug|Any CPU
		Release|Any CPU = Release|Any CPU
	EndGlobalSection
	GlobalSection(ProjectConfigurationPlatforms) = postSolution
		{8FEC8877-8CEA-43C2-BF15-BC0E27BED769}.Debug|Any CPU.ActiveCfg = Debug|Any CPU
		{8FEC8877-8CEA-43C2-BF15-BC0E27BED769}.Debug|Any CPU.Build.0 = Debug|Any CPU
		{8FEC8877-8CEA-43C2-BF15-BC0E27BED769}.Release|Any CPU.ActiveCfg = Release|Any CPU
		{8FEC8877-8CEA-43C2-BF15-BC0E27BED769}.Release|Any CPU.Build.0 = Release|Any CPU
	EndGlobalSection
EndGlobal
